// !$*UTF8*$!
{
	archiveVersion = 1;
	classes = {
	};
	objectVersion = 56;
	objects = {

/* Begin PBXBuildFile section */
		46F221212BB10C7E008F9C7A /* Stock_PredictorApp.swift in Sources */ = {isa = PBXBuildFile; fileRef = 46F221202BB10C7E008F9C7A /* Stock_PredictorApp.swift */; };
		46F221232BB10C7E008F9C7A /* ContentView.swift in Sources */ = {isa = PBXBuildFile; fileRef = 46F221222BB10C7E008F9C7A /* ContentView.swift */; };
		46F221252BB10C80008F9C7A /* Assets.xcassets in Resources */ = {isa = PBXBuildFile; fileRef = 46F221242BB10C80008F9C7A /* Assets.xcassets */; };
		46F221292BB10C80008F9C7A /* Preview Assets.xcassets in Resources */ = {isa = PBXBuildFile; fileRef = 46F221282BB10C80008F9C7A /* Preview Assets.xcassets */; };
		46F221332BB10C80008F9C7A /* Stock_PredictorTests.swift in Sources */ = {isa = PBXBuildFile; fileRef = 46F221322BB10C80008F9C7A /* Stock_PredictorTests.swift */; };
		46F2213D2BB10C80008F9C7A /* Stock_PredictorUITests.swift in Sources */ = {isa = PBXBuildFile; fileRef = 46F2213C2BB10C80008F9C7A /* Stock_PredictorUITests.swift */; };
		46F2213F2BB10C80008F9C7A /* Stock_PredictorUITestsLaunchTests.swift in Sources */ = {isa = PBXBuildFile; fileRef = 46F2213E2BB10C80008F9C7A /* Stock_PredictorUITestsLaunchTests.swift */; };
/* End PBXBuildFile section */

/* Begin PBXContainerItemProxy section */
		46F2212F2BB10C80008F9C7A /* PBXContainerItemProxy */ = {
			isa = PBXContainerItemProxy;
			containerPortal = 46F221152BB10C7E008F9C7A /* Project object */;
			proxyType = 1;
			remoteGlobalIDString = 46F2211C2BB10C7E008F9C7A;
			remoteInfo = "Stock Predictor";
		};
		46F221392BB10C80008F9C7A /* PBXContainerItemProxy */ = {
			isa = PBXContainerItemProxy;
			containerPortal = 46F221152BB10C7E008F9C7A /* Project object */;
			proxyType = 1;
			remoteGlobalIDString = 46F2211C2BB10C7E008F9C7A;
			remoteInfo = "Stock Predictor";
		};
/* End PBXContainerItemProxy section */

/* Begin PBXFileReference section */
		46F2211D2BB10C7E008F9C7A /* Stock Predictor.app */ = {isa = PBXFileReference; explicitFileType = wrapper.application; includeInIndex = 0; path = "Stock Predictor.app"; sourceTree = BUILT_PRODUCTS_DIR; };
		46F221202BB10C7E008F9C7A /* Stock_PredictorApp.swift */ = {isa = PBXFileReference; lastKnownFileType = sourcecode.swift; path = Stock_PredictorApp.swift; sourceTree = "<group>"; };
		46F221222BB10C7E008F9C7A /* ContentView.swift */ = {isa = PBXFileReference; lastKnownFileType = sourcecode.swift; path = ContentView.swift; sourceTree = "<group>"; };
		46F221242BB10C80008F9C7A /* Assets.xcassets */ = {isa = PBXFileReference; lastKnownFileType = folder.assetcatalog; path = Assets.xcassets; sourceTree = "<group>"; };
		46F221262BB10C80008F9C7A /* Stock_Predictor.entitlements */ = {isa = PBXFileReference; lastKnownFileType = text.plist.entitlements; path = Stock_Predictor.entitlements; sourceTree = "<group>"; };
		46F221282BB10C80008F9C7A /* Preview Assets.xcassets */ = {isa = PBXFileReference; lastKnownFileType = folder.assetcatalog; path = "Preview Assets.xcassets"; sourceTree = "<group>"; };
		46F2212E2BB10C80008F9C7A /* Stock PredictorTests.xctest */ = {isa = PBXFileReference; explicitFileType = wrapper.cfbundle; includeInIndex = 0; path = "Stock PredictorTests.xctest"; sourceTree = BUILT_PRODUCTS_DIR; };
		46F221322BB10C80008F9C7A /* Stock_PredictorTests.swift */ = {isa = PBXFileReference; lastKnownFileType = sourcecode.swift; path = Stock_PredictorTests.swift; sourceTree = "<group>"; };
		46F221382BB10C80008F9C7A /* Stock PredictorUITests.xctest */ = {isa = PBXFileReference; explicitFileType = wrapper.cfbundle; includeInIndex = 0; path = "Stock PredictorUITests.xctest"; sourceTree = BUILT_PRODUCTS_DIR; };
		46F2213C2BB10C80008F9C7A /* Stock_PredictorUITests.swift */ = {isa = PBXFileReference; lastKnownFileType = sourcecode.swift; path = Stock_PredictorUITests.swift; sourceTree = "<group>"; };
		46F2213E2BB10C80008F9C7A /* Stock_PredictorUITestsLaunchTests.swift */ = {isa = PBXFileReference; lastKnownFileType = sourcecode.swift; path = Stock_PredictorUITestsLaunchTests.swift; sourceTree = "<group>"; };
/* End PBXFileReference section */

/* Begin PBXFrameworksBuildPhase section */
		46F2211A2BB10C7E008F9C7A /* Frameworks */ = {
			isa = PBXFrameworksBuildPhase;
			buildActionMask = 2147483647;
			files = (
			);
			runOnlyForDeploymentPostprocessing = 0;
		};
		46F2212B2BB10C80008F9C7A /* Frameworks */ = {
			isa = PBXFrameworksBuildPhase;
			buildActionMask = 2147483647;
			files = (
			);
			runOnlyForDeploymentPostprocessing = 0;
		};
		46F221352BB10C80008F9C7A /* Frameworks */ = {
			isa = PBXFrameworksBuildPhase;
			buildActionMask = 2147483647;
			files = (
			);
			runOnlyForDeploymentPostprocessing = 0;
		};
/* End PBXFrameworksBuildPhase section */

/* Begin PBXGroup section */
		46F221142BB10C7E008F9C7A = {
			isa = PBXGroup;
			children = (
				46F2211F2BB10C7E008F9C7A /* Stock Predictor */,
				46F221312BB10C80008F9C7A /* Stock PredictorTests */,
				46F2213B2BB10C80008F9C7A /* Stock PredictorUITests */,
				46F2211E2BB10C7E008F9C7A /* Products */,
			);
			sourceTree = "<group>";
		};
		46F2211E2BB10C7E008F9C7A /* Products */ = {
			isa = PBXGroup;
			children = (
				46F2211D2BB10C7E008F9C7A /* Stock Predictor.app */,
				46F2212E2BB10C80008F9C7A /* Stock PredictorTests.xctest */,
				46F221382BB10C80008F9C7A /* Stock PredictorUITests.xctest */,
			);
			name = Products;
			sourceTree = "<group>";
		};
		46F2211F2BB10C7E008F9C7A /* Stock Predictor */ = {
			isa = PBXGroup;
			children = (
				46F221202BB10C7E008F9C7A /* Stock_PredictorApp.swift */,
				46F221222BB10C7E008F9C7A /* ContentView.swift */,
				46F221532BB11776008F9C7A /* New Group4 */,
				46F221522BB11775008F9C7A /* New Group3 */,
				46F221512BB11772008F9C7A /* New Group2 */,
				46F221502BB11770008F9C7A /* New Group1 */,
				46F2214B2BB1175B008F9C7A /* New Group */,
				46F221242BB10C80008F9C7A /* Assets.xcassets */,
				46F221262BB10C80008F9C7A /* Stock_Predictor.entitlements */,
				46F221272BB10C80008F9C7A /* Preview Content */,
			);
			path = "Stock Predictor";
			sourceTree = "<group>";
		};
		46F221272BB10C80008F9C7A /* Preview Content */ = {
			isa = PBXGroup;
			children = (
				46F221282BB10C80008F9C7A /* Preview Assets.xcassets */,
			);
			path = "Preview Content";
			sourceTree = "<group>";
		};
		46F221312BB10C80008F9C7A /* Stock PredictorTests */ = {
			isa = PBXGroup;
			children = (
				46F221322BB10C80008F9C7A /* Stock_PredictorTests.swift */,
			);
			path = "Stock PredictorTests";
			sourceTree = "<group>";
		};
		46F2213B2BB10C80008F9C7A /* Stock PredictorUITests */ = {
			isa = PBXGroup;
			children = (
				46F2213C2BB10C80008F9C7A /* Stock_PredictorUITests.swift */,
				46F2213E2BB10C80008F9C7A /* Stock_PredictorUITestsLaunchTests.swift */,
			);
			path = "Stock PredictorUITests";
			sourceTree = "<group>";
		};
		46F2214B2BB1175B008F9C7A /* New Group */ = {
			isa = PBXGroup;
			children = (
			);
			path = "New Group";
			sourceTree = "<group>";
		};
		46F221502BB11770008F9C7A /* New Group1 */ = {
			isa = PBXGroup;
			children = (
			);
			path = "New Group1";
			sourceTree = "<group>";
		};
		46F221512BB11772008F9C7A /* New Group2 */ = {
			isa = PBXGroup;
			children = (
			);
			path = "New Group2";
			sourceTree = "<group>";
		};
		46F221522BB11775008F9C7A /* New Group3 */ = {
			isa = PBXGroup;
			children = (
			);
			path = "New Group3";
			sourceTree = "<group>";
		};
		46F221532BB11776008F9C7A /* New Group4 */ = {
			isa = PBXGroup;
			children = (
			);
			path = "New Group4";
			sourceTree = "<group>";
		};
/* End PBXGroup section */

/* Begin PBXNativeTarget section */
		46F2211C2BB10C7E008F9C7A /* Stock Predictor */ = {
			isa = PBXNativeTarget;
			buildConfigurationList = 46F221422BB10C80008F9C7A /* Build configuration list for PBXNativeTarget "Stock Predictor" */;
			buildPhases = (
				46F221192BB10C7E008F9C7A /* Sources */,
				46F2211A2BB10C7E008F9C7A /* Frameworks */,
				46F2211B2BB10C7E008F9C7A /* Resources */,
			);
			buildRules = (
			);
			dependencies = (
			);
			name = "Stock Predictor";
			productName = "Stock Predictor";
			productReference = 46F2211D2BB10C7E008F9C7A /* Stock Predictor.app */;
			productType = "com.apple.product-type.application";
		};
		46F2212D2BB10C80008F9C7A /* Stock PredictorTests */ = {
			isa = PBXNativeTarget;
			buildConfigurationList = 46F221452BB10C80008F9C7A /* Build configuration list for PBXNativeTarget "Stock PredictorTests" */;
			buildPhases = (
				46F2212A2BB10C80008F9C7A /* Sources */,
				46F2212B2BB10C80008F9C7A /* Frameworks */,
				46F2212C2BB10C80008F9C7A /* Resources */,
			);
			buildRules = (
			);
			dependencies = (
				46F221302BB10C80008F9C7A /* PBXTargetDependency */,
			);
			name = "Stock PredictorTests";
			productName = "Stock PredictorTests";
			productReference = 46F2212E2BB10C80008F9C7A /* Stock PredictorTests.xctest */;
			productType = "com.apple.product-type.bundle.unit-test";
		};
		46F221372BB10C80008F9C7A /* Stock PredictorUITests */ = {
			isa = PBXNativeTarget;
			buildConfigurationList = 46F221482BB10C80008F9C7A /* Build configuration list for PBXNativeTarget "Stock PredictorUITests" */;
			buildPhases = (
				46F221342BB10C80008F9C7A /* Sources */,
				46F221352BB10C80008F9C7A /* Frameworks */,
				46F221362BB10C80008F9C7A /* Resources */,
			);
			buildRules = (
			);
			dependencies = (
				46F2213A2BB10C80008F9C7A /* PBXTargetDependency */,
			);
			name = "Stock PredictorUITests";
			productName = "Stock PredictorUITests";
			productReference = 46F221382BB10C80008F9C7A /* Stock PredictorUITests.xctest */;
			productType = "com.apple.product-type.bundle.ui-testing";
		};
/* End PBXNativeTarget section */

/* Begin PBXProject section */
		46F221152BB10C7E008F9C7A /* Project object */ = {
			isa = PBXProject;
			attributes = {
				BuildIndependentTargetsInParallel = 1;
				LastSwiftUpdateCheck = 1530;
				LastUpgradeCheck = 1530;
				TargetAttributes = {
					46F2211C2BB10C7E008F9C7A = {
						CreatedOnToolsVersion = 15.3;
					};
					46F2212D2BB10C80008F9C7A = {
						CreatedOnToolsVersion = 15.3;
						TestTargetID = 46F2211C2BB10C7E008F9C7A;
					};
					46F221372BB10C80008F9C7A = {
						CreatedOnToolsVersion = 15.3;
						TestTargetID = 46F2211C2BB10C7E008F9C7A;
					};
				};
			};
			buildConfigurationList = 46F221182BB10C7E008F9C7A /* Build configuration list for PBXProject "Stock Predictor" */;
			compatibilityVersion = "Xcode 14.0";
			developmentRegion = en;
			hasScannedForEncodings = 0;
			knownRegions = (
				en,
				Base,
			);
			mainGroup = 46F221142BB10C7E008F9C7A;
			productRefGroup = 46F2211E2BB10C7E008F9C7A /* Products */;
			projectDirPath = "";
			projectRoot = "";
			targets = (
				46F2211C2BB10C7E008F9C7A /* Stock Predictor */,
				46F2212D2BB10C80008F9C7A /* Stock PredictorTests */,
				46F221372BB10C80008F9C7A /* Stock PredictorUITests */,
			);
		};
/* End PBXProject section */

/* Begin PBXResourcesBuildPhase section */
		46F2211B2BB10C7E008F9C7A /* Resources */ = {
			isa = PBXResourcesBuildPhase;
			buildActionMask = 2147483647;
			files = (
				46F221292BB10C80008F9C7A /* Preview Assets.xcassets in Resources */,
				46F221252BB10C80008F9C7A /* Assets.xcassets in Resources */,
			);
			runOnlyForDeploymentPostprocessing = 0;
		};
		46F2212C2BB10C80008F9C7A /* Resources */ = {
			isa = PBXResourcesBuildPhase;
			buildActionMask = 2147483647;
			files = (
			);
			runOnlyForDeploymentPostprocessing = 0;
		};
		46F221362BB10C80008F9C7A /* Resources */ = {
			isa = PBXResourcesBuildPhase;
			buildActionMask = 2147483647;
			files = (
			);
			runOnlyForDeploymentPostprocessing = 0;
		};
/* End PBXResourcesBuildPhase section */

/* Begin PBXSourcesBuildPhase section */
		46F221192BB10C7E008F9C7A /* Sources */ = {
			isa = PBXSourcesBuildPhase;
			buildActionMask = 2147483647;
			files = (
				46F221232BB10C7E008F9C7A /* ContentView.swift in Sources */,
				46F221212BB10C7E008F9C7A /* Stock_PredictorApp.swift in Sources */,
			);
			runOnlyForDeploymentPostprocessing = 0;
		};
		46F2212A2BB10C80008F9C7A /* Sources */ = {
			isa = PBXSourcesBuildPhase;
			buildActionMask = 2147483647;
			files = (
				46F221332BB10C80008F9C7A /* Stock_PredictorTests.swift in Sources */,
			);
			runOnlyForDeploymentPostprocessing = 0;
		};
		46F221342BB10C80008F9C7A /* Sources */ = {
			isa = PBXSourcesBuildPhase;
			buildActionMask = 2147483647;
			files = (
				46F2213F2BB10C80008F9C7A /* Stock_PredictorUITestsLaunchTests.swift in Sources */,
				46F2213D2BB10C80008F9C7A /* Stock_PredictorUITests.swift in Sources */,
			);
			runOnlyForDeploymentPostprocessing = 0;
		};
/* End PBXSourcesBuildPhase section */

/* Begin PBXTargetDependency section */
		46F221302BB10C80008F9C7A /* PBXTargetDependency */ = {
			isa = PBXTargetDependency;
			target = 46F2211C2BB10C7E008F9C7A /* Stock Predictor */;
			targetProxy = 46F2212F2BB10C80008F9C7A /* PBXContainerItemProxy */;
		};
		46F2213A2BB10C80008F9C7A /* PBXTargetDependency */ = {
			isa = PBXTargetDependency;
			target = 46F2211C2BB10C7E008F9C7A /* Stock Predictor */;
			targetProxy = 46F221392BB10C80008F9C7A /* PBXContainerItemProxy */;
		};
/* End PBXTargetDependency section */

/* Begin XCBuildConfiguration section */
		46F221402BB10C80008F9C7A /* Debug */ = {
			isa = XCBuildConfiguration;
			buildSettings = {
				ALWAYS_SEARCH_USER_PATHS = NO;
				ASSETCATALOG_COMPILER_GENERATE_SWIFT_ASSET_SYMBOL_EXTENSIONS = YES;
				CLANG_ANALYZER_NONNULL = YES;
				CLANG_ANALYZER_NUMBER_OBJECT_CONVERSION = YES_AGGRESSIVE;
				CLANG_CXX_LANGUAGE_STANDARD = "gnu++20";
				CLANG_ENABLE_MODULES = YES;
				CLANG_ENABLE_OBJC_ARC = YES;
				CLANG_ENABLE_OBJC_WEAK = YES;
				CLANG_WARN_BLOCK_CAPTURE_AUTORELEASING = YES;
				CLANG_WARN_BOOL_CONVERSION = YES;
				CLANG_WARN_COMMA = YES;
				CLANG_WARN_CONSTANT_CONVERSION = YES;
				CLANG_WARN_DEPRECATED_OBJC_IMPLEMENTATIONS = YES;
				CLANG_WARN_DIRECT_OBJC_ISA_USAGE = YES_ERROR;
				CLANG_WARN_DOCUMENTATION_COMMENTS = YES;
				CLANG_WARN_EMPTY_BODY = YES;
				CLANG_WARN_ENUM_CONVERSION = YES;
				CLANG_WARN_INFINITE_RECURSION = YES;
				CLANG_WARN_INT_CONVERSION = YES;
				CLANG_WARN_NON_LITERAL_NULL_CONVERSION = YES;
				CLANG_WARN_OBJC_IMPLICIT_RETAIN_SELF = YES;
				CLANG_WARN_OBJC_LITERAL_CONVERSION = YES;
				CLANG_WARN_OBJC_ROOT_CLASS = YES_ERROR;
				CLANG_WARN_QUOTED_INCLUDE_IN_FRAMEWORK_HEADER = YES;
				CLANG_WARN_RANGE_LOOP_ANALYSIS = YES;
				CLANG_WARN_STRICT_PROTOTYPES = YES;
				CLANG_WARN_SUSPICIOUS_MOVE = YES;
				CLANG_WARN_UNGUARDED_AVAILABILITY = YES_AGGRESSIVE;
				CLANG_WARN_UNREACHABLE_CODE = YES;
				CLANG_WARN__DUPLICATE_METHOD_MATCH = YES;
				COPY_PHASE_STRIP = NO;
				DEBUG_INFORMATION_FORMAT = dwarf;
				ENABLE_STRICT_OBJC_MSGSEND = YES;
				ENABLE_TESTABILITY = YES;
				ENABLE_USER_SCRIPT_SANDBOXING = YES;
				GCC_C_LANGUAGE_STANDARD = gnu17;
				GCC_DYNAMIC_NO_PIC = NO;
				GCC_NO_COMMON_BLOCKS = YES;
				GCC_OPTIMIZATION_LEVEL = 0;
				GCC_PREPROCESSOR_DEFINITIONS = (
					"DEBUG=1",
					"$(inherited)",
				);
				GCC_WARN_64_TO_32_BIT_CONVERSION = YES;
				GCC_WARN_ABOUT_RETURN_TYPE = YES_ERROR;
				GCC_WARN_UNDECLARED_SELECTOR = YES;
				GCC_WARN_UNINITIALIZED_AUTOS = YES_AGGRESSIVE;
				GCC_WARN_UNUSED_FUNCTION = YES;
				GCC_WARN_UNUSED_VARIABLE = YES;
				LOCALIZATION_PREFERS_STRING_CATALOGS = YES;
				MTL_ENABLE_DEBUG_INFO = INCLUDE_SOURCE;
				MTL_FAST_MATH = YES;
				ONLY_ACTIVE_ARCH = YES;
				SWIFT_ACTIVE_COMPILATION_CONDITIONS = "DEBUG $(inherited)";
				SWIFT_OPTIMIZATION_LEVEL = "-Onone";
			};
			name = Debug;
		};
		46F221412BB10C80008F9C7A /* Release */ = {
			isa = XCBuildConfiguration;
			buildSettings = {
				ALWAYS_SEARCH_USER_PATHS = NO;
				ASSETCATALOG_COMPILER_GENERATE_SWIFT_ASSET_SYMBOL_EXTENSIONS = YES;
				CLANG_ANALYZER_NONNULL = YES;
				CLANG_ANALYZER_NUMBER_OBJECT_CONVERSION = YES_AGGRESSIVE;
				CLANG_CXX_LANGUAGE_STANDARD = "gnu++20";
				CLANG_ENABLE_MODULES = YES;
				CLANG_ENABLE_OBJC_ARC = YES;
				CLANG_ENABLE_OBJC_WEAK = YES;
				CLANG_WARN_BLOCK_CAPTURE_AUTORELEASING = YES;
				CLANG_WARN_BOOL_CONVERSION = YES;
				CLANG_WARN_COMMA = YES;
				CLANG_WARN_CONSTANT_CONVERSION = YES;
				CLANG_WARN_DEPRECATED_OBJC_IMPLEMENTATIONS = YES;
				CLANG_WARN_DIRECT_OBJC_ISA_USAGE = YES_ERROR;
				CLANG_WARN_DOCUMENTATION_COMMENTS = YES;
				CLANG_WARN_EMPTY_BODY = YES;
				CLANG_WARN_ENUM_CONVERSION = YES;
				CLANG_WARN_INFINITE_RECURSION = YES;
				CLANG_WARN_INT_CONVERSION = YES;
				CLANG_WARN_NON_LITERAL_NULL_CONVERSION = YES;
				CLANG_WARN_OBJC_IMPLICIT_RETAIN_SELF = YES;
				CLANG_WARN_OBJC_LITERAL_CONVERSION = YES;
				CLANG_WARN_OBJC_ROOT_CLASS = YES_ERROR;
				CLANG_WARN_QUOTED_INCLUDE_IN_FRAMEWORK_HEADER = YES;
				CLANG_WARN_RANGE_LOOP_ANALYSIS = YES;
				CLANG_WARN_STRICT_PROTOTYPES = YES;
				CLANG_WARN_SUSPICIOUS_MOVE = YES;
				CLANG_WARN_UNGUARDED_AVAILABILITY = YES_AGGRESSIVE;
				CLANG_WARN_UNREACHABLE_CODE = YES;
				CLANG_WARN__DUPLICATE_METHOD_MATCH = YES;
				COPY_PHASE_STRIP = NO;
				DEBUG_INFORMATION_FORMAT = "dwarf-with-dsym";
				ENABLE_NS_ASSERTIONS = NO;
				ENABLE_STRICT_OBJC_MSGSEND = YES;
				ENABLE_USER_SCRIPT_SANDBOXING = YES;
				GCC_C_LANGUAGE_STANDARD = gnu17;
				GCC_NO_COMMON_BLOCKS = YES;
				GCC_WARN_64_TO_32_BIT_CONVERSION = YES;
				GCC_WARN_ABOUT_RETURN_TYPE = YES_ERROR;
				GCC_WARN_UNDECLARED_SELECTOR = YES;
				GCC_WARN_UNINITIALIZED_AUTOS = YES_AGGRESSIVE;
				GCC_WARN_UNUSED_FUNCTION = YES;
				GCC_WARN_UNUSED_VARIABLE = YES;
				LOCALIZATION_PREFERS_STRING_CATALOGS = YES;
				MTL_ENABLE_DEBUG_INFO = NO;
				MTL_FAST_MATH = YES;
				SWIFT_COMPILATION_MODE = wholemodule;
			};
			name = Release;
		};
		46F221432BB10C80008F9C7A /* Debug */ = {
			isa = XCBuildConfiguration;
			buildSettings = {
				ASSETCATALOG_COMPILER_APPICON_NAME = AppIcon;
				ASSETCATALOG_COMPILER_GLOBAL_ACCENT_COLOR_NAME = AccentColor;
				CODE_SIGN_ENTITLEMENTS = "Stock Predictor/Stock_Predictor.entitlements";
				CODE_SIGN_STYLE = Automatic;
				CURRENT_PROJECT_VERSION = 1;
				DEVELOPMENT_ASSET_PATHS = "\"Stock Predictor/Preview Content\"";
				ENABLE_PREVIEWS = YES;
				GENERATE_INFOPLIST_FILE = YES;
				"INFOPLIST_KEY_UIApplicationSceneManifest_Generation[sdk=iphoneos*]" = YES;
				"INFOPLIST_KEY_UIApplicationSceneManifest_Generation[sdk=iphonesimulator*]" = YES;
				"INFOPLIST_KEY_UIApplicationSupportsIndirectInputEvents[sdk=iphoneos*]" = YES;
				"INFOPLIST_KEY_UIApplicationSupportsIndirectInputEvents[sdk=iphonesimulator*]" = YES;
				"INFOPLIST_KEY_UILaunchScreen_Generation[sdk=iphoneos*]" = YES;
				"INFOPLIST_KEY_UILaunchScreen_Generation[sdk=iphonesimulator*]" = YES;
				"INFOPLIST_KEY_UIStatusBarStyle[sdk=iphoneos*]" = UIStatusBarStyleDefault;
				"INFOPLIST_KEY_UIStatusBarStyle[sdk=iphonesimulator*]" = UIStatusBarStyleDefault;
				INFOPLIST_KEY_UISupportedInterfaceOrientations_iPad = "UIInterfaceOrientationPortrait UIInterfaceOrientationPortraitUpsideDown UIInterfaceOrientationLandscapeLeft UIInterfaceOrientationLandscapeRight";
				INFOPLIST_KEY_UISupportedInterfaceOrientations_iPhone = "UIInterfaceOrientationPortrait UIInterfaceOrientationLandscapeLeft UIInterfaceOrientationLandscapeRight";
				IPHONEOS_DEPLOYMENT_TARGET = 17.4;
				LD_RUNPATH_SEARCH_PATHS = "@executable_path/Frameworks";
				"LD_RUNPATH_SEARCH_PATHS[sdk=macosx*]" = "@executable_path/../Frameworks";
				MACOSX_DEPLOYMENT_TARGET = 14.4;
				MARKETING_VERSION = 1.0;
				PRODUCT_BUNDLE_IDENTIFIER = "com.StockProject.Stock-Predictor";
				PRODUCT_NAME = "$(TARGET_NAME)";
				SDKROOT = auto;
				SUPPORTED_PLATFORMS = "iphoneos iphonesimulator macosx";
				SWIFT_EMIT_LOC_STRINGS = YES;
				SWIFT_VERSION = 5.0;
				TARGETED_DEVICE_FAMILY = "1,2";
			};
			name = Debug;
		};
		46F221442BB10C80008F9C7A /* Release */ = {
			isa = XCBuildConfiguration;
			buildSettings = {
				ASSETCATALOG_COMPILER_APPICON_NAME = AppIcon;
				ASSETCATALOG_COMPILER_GLOBAL_ACCENT_COLOR_NAME = AccentColor;
				CODE_SIGN_ENTITLEMENTS = "Stock Predictor/Stock_Predictor.entitlements";
				CODE_SIGN_STYLE = Automatic;
				CURRENT_PROJECT_VERSION = 1;
				DEVELOPMENT_ASSET_PATHS = "\"Stock Predictor/Preview Content\"";
				ENABLE_PREVIEWS = YES;
				GENERATE_INFOPLIST_FILE = YES;
				"INFOPLIST_KEY_UIApplicationSceneManifest_Generation[sdk=iphoneos*]" = YES;
				"INFOPLIST_KEY_UIApplicationSceneManifest_Generation[sdk=iphonesimulator*]" = YES;
				"INFOPLIST_KEY_UIApplicationSupportsIndirectInputEvents[sdk=iphoneos*]" = YES;
				"INFOPLIST_KEY_UIApplicationSupportsIndirectInputEvents[sdk=iphonesimulator*]" = YES;
				"INFOPLIST_KEY_UILaunchScreen_Generation[sdk=iphoneos*]" = YES;
				"INFOPLIST_KEY_UILaunchScreen_Generation[sdk=iphonesimulator*]" = YES;
				"INFOPLIST_KEY_UIStatusBarStyle[sdk=iphoneos*]" = UIStatusBarStyleDefault;
				"INFOPLIST_KEY_UIStatusBarStyle[sdk=iphonesimulator*]" = UIStatusBarStyleDefault;
				INFOPLIST_KEY_UISupportedInterfaceOrientations_iPad = "UIInterfaceOrientationPortrait UIInterfaceOrientationPortraitUpsideDown UIInterfaceOrientationLandscapeLeft UIInterfaceOrientationLandscapeRight";
				INFOPLIST_KEY_UISupportedInterfaceOrientations_iPhone = "UIInterfaceOrientationPortrait UIInterfaceOrientationLandscapeLeft UIInterfaceOrientationLandscapeRight";
				IPHONEOS_DEPLOYMENT_TARGET = 17.4;
				LD_RUNPATH_SEARCH_PATHS = "@executable_path/Frameworks";
				"LD_RUNPATH_SEARCH_PATHS[sdk=macosx*]" = "@executable_path/../Frameworks";
				MACOSX_DEPLOYMENT_TARGET = 14.4;
				MARKETING_VERSION = 1.0;
				PRODUCT_BUNDLE_IDENTIFIER = "com.StockProject.Stock-Predictor";
				PRODUCT_NAME = "$(TARGET_NAME)";
				SDKROOT = auto;
				SUPPORTED_PLATFORMS = "iphoneos iphonesimulator macosx";
				SWIFT_EMIT_LOC_STRINGS = YES;
				SWIFT_VERSION = 5.0;
				TARGETED_DEVICE_FAMILY = "1,2";
			};
			name = Release;
		};
		46F221462BB10C80008F9C7A /* Debug */ = {
			isa = XCBuildConfiguration;
			buildSettings = {
				ALWAYS_EMBED_SWIFT_STANDARD_LIBRARIES = YES;
				BUNDLE_LOADER = "$(TEST_HOST)";
				CODE_SIGN_STYLE = Automatic;
				CURRENT_PROJECT_VERSION = 1;
				GENERATE_INFOPLIST_FILE = YES;
				IPHONEOS_DEPLOYMENT_TARGET = 17.4;
				MACOSX_DEPLOYMENT_TARGET = 14.4;
				MARKETING_VERSION = 1.0;
				PRODUCT_BUNDLE_IDENTIFIER = "com.StockProject.Stock-PredictorTests";
				PRODUCT_NAME = "$(TARGET_NAME)";
				SDKROOT = auto;
				SUPPORTED_PLATFORMS = "iphoneos iphonesimulator macosx";
				SWIFT_EMIT_LOC_STRINGS = NO;
				SWIFT_VERSION = 5.0;
				TARGETED_DEVICE_FAMILY = "1,2";
				TEST_HOST = "$(BUILT_PRODUCTS_DIR)/Stock Predictor.app/$(BUNDLE_EXECUTABLE_FOLDER_PATH)/Stock Predictor";
			};
			name = Debug;
		};
		46F221472BB10C80008F9C7A /* Release */ = {
			isa = XCBuildConfiguration;
			buildSettings = {
				ALWAYS_EMBED_SWIFT_STANDARD_LIBRARIES = YES;
				BUNDLE_LOADER = "$(TEST_HOST)";
				CODE_SIGN_STYLE = Automatic;
				CURRENT_PROJECT_VERSION = 1;
				GENERATE_INFOPLIST_FILE = YES;
				IPHONEOS_DEPLOYMENT_TARGET = 17.4;
				MACOSX_DEPLOYMENT_TARGET = 14.4;
				MARKETING_VERSION = 1.0;
				PRODUCT_BUNDLE_IDENTIFIER = "com.StockProject.Stock-PredictorTests";
				PRODUCT_NAME = "$(TARGET_NAME)";
				SDKROOT = auto;
				SUPPORTED_PLATFORMS = "iphoneos iphonesimulator macosx";
				SWIFT_EMIT_LOC_STRINGS = NO;
				SWIFT_VERSION = 5.0;
				TARGETED_DEVICE_FAMILY = "1,2";
				TEST_HOST = "$(BUILT_PRODUCTS_DIR)/Stock Predictor.app/$(BUNDLE_EXECUTABLE_FOLDER_PATH)/Stock Predictor";
			};
			name = Release;
		};
		46F221492BB10C80008F9C7A /* Debug */ = {
			isa = XCBuildConfiguration;
			buildSettings = {
				ALWAYS_EMBED_SWIFT_STANDARD_LIBRARIES = YES;
				CODE_SIGN_STYLE = Automatic;
				CURRENT_PROJECT_VERSION = 1;
				GENERATE_INFOPLIST_FILE = YES;
				IPHONEOS_DEPLOYMENT_TARGET = 17.4;
				MACOSX_DEPLOYMENT_TARGET = 14.4;
				MARKETING_VERSION = 1.0;
				PRODUCT_BUNDLE_IDENTIFIER = "com.StockProject.Stock-PredictorUITests";
				PRODUCT_NAME = "$(TARGET_NAME)";
				SDKROOT = auto;
				SUPPORTED_PLATFORMS = "iphoneos iphonesimulator macosx";
				SWIFT_EMIT_LOC_STRINGS = NO;
				SWIFT_VERSION = 5.0;
				TARGETED_DEVICE_FAMILY = "1,2";
				TEST_TARGET_NAME = "Stock Predictor";
			};
			name = Debug;
		};
		46F2214A2BB10C80008F9C7A /* Release */ = {
			isa = XCBuildConfiguration;
			buildSettings = {
				ALWAYS_EMBED_SWIFT_STANDARD_LIBRARIES = YES;
				CODE_SIGN_STYLE = Automatic;
				CURRENT_PROJECT_VERSION = 1;
				GENERATE_INFOPLIST_FILE = YES;
				IPHONEOS_DEPLOYMENT_TARGET = 17.4;
				MACOSX_DEPLOYMENT_TARGET = 14.4;
				MARKETING_VERSION = 1.0;
				PRODUCT_BUNDLE_IDENTIFIER = "com.StockProject.Stock-PredictorUITests";
				PRODUCT_NAME = "$(TARGET_NAME)";
				SDKROOT = auto;
				SUPPORTED_PLATFORMS = "iphoneos iphonesimulator macosx";
				SWIFT_EMIT_LOC_STRINGS = NO;
				SWIFT_VERSION = 5.0;
				TARGETED_DEVICE_FAMILY = "1,2";
				TEST_TARGET_NAME = "Stock Predictor";
			};
			name = Release;
		};
/* End XCBuildConfiguration section */

/* Begin XCConfigurationList section */
		46F221182BB10C7E008F9C7A /* Build configuration list for PBXProject "Stock Predictor" */ = {
			isa = XCConfigurationList;
			buildConfigurations = (
				46F221402BB10C80008F9C7A /* Debug */,
				46F221412BB10C80008F9C7A /* Release */,
			);
			defaultConfigurationIsVisible = 0;
			defaultConfigurationName = Release;
		};
		46F221422BB10C80008F9C7A /* Build configuration list for PBXNativeTarget "Stock Predictor" */ = {
			isa = XCConfigurationList;
			buildConfigurations = (
				46F221432BB10C80008F9C7A /* Debug */,
				46F221442BB10C80008F9C7A /* Release */,
			);
			defaultConfigurationIsVisible = 0;
			defaultConfigurationName = Release;
		};
		46F221452BB10C80008F9C7A /* Build configuration list for PBXNativeTarget "Stock PredictorTests" */ = {
			isa = XCConfigurationList;
			buildConfigurations = (
				46F221462BB10C80008F9C7A /* Debug */,
				46F221472BB10C80008F9C7A /* Release */,
			);
			defaultConfigurationIsVisible = 0;
			defaultConfigurationName = Release;
		};
		46F221482BB10C80008F9C7A /* Build configuration list for PBXNativeTarget "Stock PredictorUITests" */ = {
			isa = XCConfigurationList;
			buildConfigurations = (
				46F221492BB10C80008F9C7A /* Debug */,
				46F2214A2BB10C80008F9C7A /* Release */,
			);
			defaultConfigurationIsVisible = 0;
			defaultConfigurationName = Release;
		};
/* End XCConfigurationList section */
	};
	rootObject = 46F221152BB10C7E008F9C7A /* Project object */;
}
